
Microsoft Visual Studio Solution File, Format Version 12.00
Project("{FAE04EC0-301F-11D3-BF4B-00C04F79EFBC}") = "ColaCircular", "ColaCircular.csproj", "{E1C9B333-C2BD-455F-97D9-9FEC8C36BE1C}"
EndProject
Global
	GlobalSection(SolutionConfigurationPlatforms) = preSolution
		Debug|Any CPU = Debug|Any CPU
		Release|Any CPU = Release|Any CPU
	EndGlobalSection
	GlobalSection(ProjectConfigurationPlatforms) = postSolution
		{E1C9B333-C2BD-455F-97D9-9FEC8C36BE1C}.Debug|Any CPU.ActiveCfg = Debug|Any CPU
		{E1C9B333-C2BD-455F-97D9-9FEC8C36BE1C}.Debug|Any CPU.Build.0 = Debug|Any CPU
		{E1C9B333-C2BD-455F-97D9-9FEC8C36BE1C}.Release|Any CPU.ActiveCfg = Release|Any CPU
		{E1C9B333-C2BD-455F-97D9-9FEC8C36BE1C}.Release|Any CPU.Build.0 = Release|Any CPU
	EndGlobalSection
EndGlobal
