
Microsoft Visual Studio Solution File, Format Version 12.00
Project("{FAE04EC0-301F-11D3-BF4B-00C04F79EFBC}") = "ColaDobleLineal", "ColaDobleLineal.csproj", "{47446908-89D7-41F5-822B-B1156D24EE1D}"
EndProject
Global
	GlobalSection(SolutionConfigurationPlatforms) = preSolution
		Debug|Any CPU = Debug|Any CPU
		Release|Any CPU = Release|Any CPU
	EndGlobalSection
	GlobalSection(ProjectConfigurationPlatforms) = postSolution
		{47446908-89D7-41F5-822B-B1156D24EE1D}.Debug|Any CPU.ActiveCfg = Debug|Any CPU
		{47446908-89D7-41F5-822B-B1156D24EE1D}.Debug|Any CPU.Build.0 = Debug|Any CPU
		{47446908-89D7-41F5-822B-B1156D24EE1D}.Release|Any CPU.ActiveCfg = Release|Any CPU
		{47446908-89D7-41F5-822B-B1156D24EE1D}.Release|Any CPU.Build.0 = Release|Any CPU
	EndGlobalSection
EndGlobal
